
Microsoft Visual Studio Solution File, Format Version 12.00
# Visual Studio Version 17
VisualStudioVersion = 17.5.002.0
MinimumVisualStudioVersion = 10.0.40219.1
Project("{9A19103F-16F7-4668-BE54-9A1E7A4F7556}") = "back_end_c_sharp_test_with_friend-", "back_end_c_sharp_test_with_friend-.csproj", "{1A9923BB-5B13-435D-BAEF-82B032F36393}"
EndProject
Global
	GlobalSection(SolutionConfigurationPlatforms) = preSolution
		Debug|Any CPU = Debug|Any CPU
		Release|Any CPU = Release|Any CPU
	EndGlobalSection
	GlobalSection(ProjectConfigurationPlatforms) = postSolution
		{1A9923BB-5B13-435D-BAEF-82B032F36393}.Debug|Any CPU.ActiveCfg = Debug|Any CPU
		{1A9923BB-5B13-435D-BAEF-82B032F36393}.Debug|Any CPU.Build.0 = Debug|Any CPU
		{1A9923BB-5B13-435D-BAEF-82B032F36393}.Release|Any CPU.ActiveCfg = Release|Any CPU
		{1A9923BB-5B13-435D-BAEF-82B032F36393}.Release|Any CPU.Build.0 = Release|Any CPU
	EndGlobalSection
	GlobalSection(SolutionProperties) = preSolution
		HideSolutionNode = FALSE
	EndGlobalSection
	GlobalSection(ExtensibilityGlobals) = postSolution
		SolutionGuid = {17B3D5CB-A727-4A3D-A48A-1E2C11DFCBAB}
	EndGlobalSection
EndGlobal
